
Microsoft Visual Studio Solution File, Format Version 12.00
# Visual Studio Version 17
VisualStudioVersion = 17.4.33110.190
MinimumVisualStudioVersion = 10.0.40219.1
Project("{8BC9CEB8-8B4A-11D0-8D11-00A0C91BC942}") = "imageProcessingProject", "imageProcessingProject\imageProcessingProject.vcxproj", "{605FD1C8-262A-4262-A673-21BD663A37E9}"
EndProject
Project("{8BC9CEB8-8B4A-11D0-8D11-00A0C91BC942}") = "ImageProcessingTest", "Sample-Test1\Sample-Test1.vcxproj", "{20860393-FF0E-4E6F-B64A-832751953D0F}"
EndProject
Global
	GlobalSection(SolutionConfigurationPlatforms) = preSolution
		Debug|x64 = Debug|x64
		Debug|x86 = Debug|x86
		Release|x64 = Release|x64
		Release|x86 = Release|x86
	EndGlobalSection
	GlobalSection(ProjectConfigurationPlatforms) = postSolution
		{605FD1C8-262A-4262-A673-21BD663A37E9}.Debug|x64.ActiveCfg = Debug|x64
		{605FD1C8-262A-4262-A673-21BD663A37E9}.Debug|x64.Build.0 = Debug|x64
		{605FD1C8-262A-4262-A673-21BD663A37E9}.Debug|x86.ActiveCfg = Debug|Win32
		{605FD1C8-262A-4262-A673-21BD663A37E9}.Debug|x86.Build.0 = Debug|Win32
		{605FD1C8-262A-4262-A673-21BD663A37E9}.Release|x64.ActiveCfg = Release|x64
		{605FD1C8-262A-4262-A673-21BD663A37E9}.Release|x64.Build.0 = Release|x64
		{605FD1C8-262A-4262-A673-21BD663A37E9}.Release|x86.ActiveCfg = Release|Win32
		{605FD1C8-262A-4262-A673-21BD663A37E9}.Release|x86.Build.0 = Release|Win32
		{20860393-FF0E-4E6F-B64A-832751953D0F}.Debug|x64.ActiveCfg = Debug|x64
		{20860393-FF0E-4E6F-B64A-832751953D0F}.Debug|x64.Build.0 = Debug|x64
		{20860393-FF0E-4E6F-B64A-832751953D0F}.Debug|x86.ActiveCfg = Debug|Win32
		{20860393-FF0E-4E6F-B64A-832751953D0F}.Debug|x86.Build.0 = Debug|Win32
		{20860393-FF0E-4E6F-B64A-832751953D0F}.Release|x64.ActiveCfg = Release|x64
		{20860393-FF0E-4E6F-B64A-832751953D0F}.Release|x64.Build.0 = Release|x64
		{20860393-FF0E-4E6F-B64A-832751953D0F}.Release|x86.ActiveCfg = Release|Win32
		{20860393-FF0E-4E6F-B64A-832751953D0F}.Release|x86.Build.0 = Release|Win32
	EndGlobalSection
	GlobalSection(SolutionProperties) = preSolution
		HideSolutionNode = FALSE
	EndGlobalSection
	GlobalSection(ExtensibilityGlobals) = postSolution
		SolutionGuid = {C4ED31C8-A897-4C6A-9EBF-A5BAC5C16C24}
	EndGlobalSection
EndGlobal
